{
  "name": "backend",
  "lockfileVersion": 3,
  "requires": true,
  "packages": {
    "": {
      "dependencies": {
        "lorawan-sensor-simulator": "file:.."
      }
    },
    "..": {
      "name": "lorawan-sensor-simulator",
      "version": "1.0.0",
      "dependencies": {
        "mqtt": "^5.3.4"
      }
    },
    "node_modules/lorawan-sensor-simulator": {
      "resolved": "..",
      "link": true
    }
  }
}
